
Microsoft Visual Studio Solution File, Format Version 12.00
# Visual Studio Version 17
VisualStudioVersion = 17.4.33213.308
MinimumVisualStudioVersion = 10.0.40219.1
Project("{9A19103F-16F7-4668-BE54-9A1E7A4F7556}") = "CustomCLI", "CustomCLI\CustomCLI.csproj", "{06BF5A9C-806E-4EAE-B097-641BAA891DEB}"
EndProject
Project("{9A19103F-16F7-4668-BE54-9A1E7A4F7556}") = "CustomEditor", "CustomEditor\CustomEditor.csproj", "{DCDDDF34-C5E0-40B8-ADF3-8A4F622C9F68}"
EndProject
Global
	GlobalSection(SolutionConfigurationPlatforms) = preSolution
		Debug|Any CPU = Debug|Any CPU
		Release|Any CPU = Release|Any CPU
	EndGlobalSection
	GlobalSection(ProjectConfigurationPlatforms) = postSolution
		{06BF5A9C-806E-4EAE-B097-641BAA891DEB}.Debug|Any CPU.ActiveCfg = Debug|Any CPU
		{06BF5A9C-806E-4EAE-B097-641BAA891DEB}.Debug|Any CPU.Build.0 = Debug|Any CPU
		{06BF5A9C-806E-4EAE-B097-641BAA891DEB}.Release|Any CPU.ActiveCfg = Release|Any CPU
		{06BF5A9C-806E-4EAE-B097-641BAA891DEB}.Release|Any CPU.Build.0 = Release|Any CPU
		{DCDDDF34-C5E0-40B8-ADF3-8A4F622C9F68}.Debug|Any CPU.ActiveCfg = Debug|Any CPU
		{DCDDDF34-C5E0-40B8-ADF3-8A4F622C9F68}.Debug|Any CPU.Build.0 = Debug|Any CPU
		{DCDDDF34-C5E0-40B8-ADF3-8A4F622C9F68}.Release|Any CPU.ActiveCfg = Release|Any CPU
		{DCDDDF34-C5E0-40B8-ADF3-8A4F622C9F68}.Release|Any CPU.Build.0 = Release|Any CPU
	EndGlobalSection
	GlobalSection(SolutionProperties) = preSolution
		HideSolutionNode = FALSE
	EndGlobalSection
	GlobalSection(ExtensibilityGlobals) = postSolution
		SolutionGuid = {F75274BB-1485-4015-9C8D-7205BEB2BD92}
	EndGlobalSection
EndGlobal
